
Microsoft Visual Studio Solution File, Format Version 12.00
# Visual Studio 15
VisualStudioVersion = 15.0.26403.7
MinimumVisualStudioVersion = 10.0.40219.1
Project("{FAE04EC0-301F-11D3-BF4B-00C04F79EFBC}") = "oefening1", "oefening1\oefening1.csproj", "{98B9A153-7557-4284-8B67-EE63BE5E35A4}"
EndProject
Project("{FAE04EC0-301F-11D3-BF4B-00C04F79EFBC}") = "oefening1Tests", "oefening1Tests\oefening1Tests.csproj", "{A8570C8F-2A14-408A-B8C4-1F143F39357F}"
EndProject
Project("{FAE04EC0-301F-11D3-BF4B-00C04F79EFBC}") = "Sorting", "Sorting\Sorting.csproj", "{98247673-1515-4DF5-A5FD-ECAD13E82170}"
EndProject
Project("{FAE04EC0-301F-11D3-BF4B-00C04F79EFBC}") = "SortingTests", "SortingTests\SortingTests.csproj", "{BD97DAD1-C1FB-4B01-9B98-DD7D35C45E67}"
EndProject
Project("{FAE04EC0-301F-11D3-BF4B-00C04F79EFBC}") = "Euler", "Euler\Euler.csproj", "{AA2B2F8F-BB2A-4719-8DB1-79AECF3B214A}"
EndProject
Global
	GlobalSection(SolutionConfigurationPlatforms) = preSolution
		Debug|Any CPU = Debug|Any CPU
		Release|Any CPU = Release|Any CPU
	EndGlobalSection
	GlobalSection(ProjectConfigurationPlatforms) = postSolution
		{98B9A153-7557-4284-8B67-EE63BE5E35A4}.Debug|Any CPU.ActiveCfg = Debug|Any CPU
		{98B9A153-7557-4284-8B67-EE63BE5E35A4}.Debug|Any CPU.Build.0 = Debug|Any CPU
		{98B9A153-7557-4284-8B67-EE63BE5E35A4}.Release|Any CPU.ActiveCfg = Release|Any CPU
		{98B9A153-7557-4284-8B67-EE63BE5E35A4}.Release|Any CPU.Build.0 = Release|Any CPU
		{A8570C8F-2A14-408A-B8C4-1F143F39357F}.Debug|Any CPU.ActiveCfg = Debug|Any CPU
		{A8570C8F-2A14-408A-B8C4-1F143F39357F}.Debug|Any CPU.Build.0 = Debug|Any CPU
		{A8570C8F-2A14-408A-B8C4-1F143F39357F}.Release|Any CPU.ActiveCfg = Release|Any CPU
		{A8570C8F-2A14-408A-B8C4-1F143F39357F}.Release|Any CPU.Build.0 = Release|Any CPU
		{98247673-1515-4DF5-A5FD-ECAD13E82170}.Debug|Any CPU.ActiveCfg = Debug|Any CPU
		{98247673-1515-4DF5-A5FD-ECAD13E82170}.Debug|Any CPU.Build.0 = Debug|Any CPU
		{98247673-1515-4DF5-A5FD-ECAD13E82170}.Release|Any CPU.ActiveCfg = Release|Any CPU
		{98247673-1515-4DF5-A5FD-ECAD13E82170}.Release|Any CPU.Build.0 = Release|Any CPU
		{BD97DAD1-C1FB-4B01-9B98-DD7D35C45E67}.Debug|Any CPU.ActiveCfg = Debug|Any CPU
		{BD97DAD1-C1FB-4B01-9B98-DD7D35C45E67}.Debug|Any CPU.Build.0 = Debug|Any CPU
		{BD97DAD1-C1FB-4B01-9B98-DD7D35C45E67}.Release|Any CPU.ActiveCfg = Release|Any CPU
		{BD97DAD1-C1FB-4B01-9B98-DD7D35C45E67}.Release|Any CPU.Build.0 = Release|Any CPU
		{AA2B2F8F-BB2A-4719-8DB1-79AECF3B214A}.Debug|Any CPU.ActiveCfg = Debug|Any CPU
		{AA2B2F8F-BB2A-4719-8DB1-79AECF3B214A}.Debug|Any CPU.Build.0 = Debug|Any CPU
		{AA2B2F8F-BB2A-4719-8DB1-79AECF3B214A}.Release|Any CPU.ActiveCfg = Release|Any CPU
		{AA2B2F8F-BB2A-4719-8DB1-79AECF3B214A}.Release|Any CPU.Build.0 = Release|Any CPU
	EndGlobalSection
	GlobalSection(SolutionProperties) = preSolution
		HideSolutionNode = FALSE
	EndGlobalSection
EndGlobal
